// !$*UTF8*$!
{
	archiveVersion = 1;
	classes = {
	};
	objectVersion = 46;
	objects = {

/* Begin PBXBuildFile section */
		CC008A3C1B0F72A00037771F /* BDAttackMap.m in Sources */ = {isa = PBXBuildFile; fileRef = CC008A3B1B0F72A00037771F /* BDAttackMap.m */; };
		CC008A3F1B0F742E0037771F /* BDAttackMenu.m in Sources */ = {isa = PBXBuildFile; fileRef = CC008A3E1B0F742E0037771F /* BDAttackMenu.m */; };
		CC008A421B0F765A0037771F /* BDTown.m in Sources */ = {isa = PBXBuildFile; fileRef = CC008A411B0F765A0037771F /* BDTown.m */; };
		CC008A451B0F90C60037771F /* UIButton+Block.m in Sources */ = {isa = PBXBuildFile; fileRef = CC008A441B0F90C60037771F /* UIButton+Block.m */; };
		CC00A8061AEA86A400A2A1D0 /* BDSquad.m in Sources */ = {isa = PBXBuildFile; fileRef = CC00A8051AEA86A400A2A1D0 /* BDSquad.m */; };
		CC00A8091AEAC91200A2A1D0 /* BDMapGestures.m in Sources */ = {isa = PBXBuildFile; fileRef = CC00A8081AEAC91200A2A1D0 /* BDMapGestures.m */; };
		CC032CB51B1220BC004C3838 /* BDAttackMapViewController.m in Sources */ = {isa = PBXBuildFile; fileRef = CC032CB31B1220BC004C3838 /* BDAttackMapViewController.m */; };
		CC032CB61B1220BC004C3838 /* BDAttackMapViewController.xib in Resources */ = {isa = PBXBuildFile; fileRef = CC032CB41B1220BC004C3838 /* BDAttackMapViewController.xib */; };
		CC059BDC1AF120060080F3A1 /* BDUnitInfoView.m in Sources */ = {isa = PBXBuildFile; fileRef = CC059BDB1AF120060080F3A1 /* BDUnitInfoView.m */; };
		CC2466C61ABC7A580056631D /* BDBuildingMenu.m in Sources */ = {isa = PBXBuildFile; fileRef = CC2466C51ABC7A580056631D /* BDBuildingMenu.m */; };
		CC2B4FBE1ACEDF5000872D19 /* archer.json in Resources */ = {isa = PBXBuildFile; fileRef = CC2B4FB01ACEDF5000872D19 /* archer.json */; };
		CC2B4FBF1ACEDF5000872D19 /* axeman.json in Resources */ = {isa = PBXBuildFile; fileRef = CC2B4FB11ACEDF5000872D19 /* axeman.json */; };
		CC2B4FC01ACEDF5000872D19 /* barracks.json in Resources */ = {isa = PBXBuildFile; fileRef = CC2B4FB21ACEDF5000872D19 /* barracks.json */; };
		CC2B4FC11ACEDF5000872D19 /* goldMine.json in Resources */ = {isa = PBXBuildFile; fileRef = CC2B4FB31ACEDF5000872D19 /* goldMine.json */; };
		CC2B4FC21ACEDF5000872D19 /* heavyCavalery.json in Resources */ = {isa = PBXBuildFile; fileRef = CC2B4FB41ACEDF5000872D19 /* heavyCavalery.json */; };
		CC2B4FC31ACEDF5000872D19 /* house.json in Resources */ = {isa = PBXBuildFile; fileRef = CC2B4FB51ACEDF5000872D19 /* house.json */; };
		CC2B4FC41ACEDF5000872D19 /* ironMine.json in Resources */ = {isa = PBXBuildFile; fileRef = CC2B4FB61ACEDF5000872D19 /* ironMine.json */; };
		CC2B4FC51ACEDF5000872D19 /* lightCavalery.json in Resources */ = {isa = PBXBuildFile; fileRef = CC2B4FB71ACEDF5000872D19 /* lightCavalery.json */; };
		CC2B4FC61ACEDF5000872D19 /* market.json in Resources */ = {isa = PBXBuildFile; fileRef = CC2B4FB81ACEDF5000872D19 /* market.json */; };
		CC2B4FC71ACEDF5000872D19 /* stable.json in Resources */ = {isa = PBXBuildFile; fileRef = CC2B4FB91ACEDF5000872D19 /* stable.json */; };
		CC2B4FC81ACEDF5000872D19 /* swordsman.json in Resources */ = {isa = PBXBuildFile; fileRef = CC2B4FBA1ACEDF5000872D19 /* swordsman.json */; };
		CC2B4FC91ACEDF5000872D19 /* university.json in Resources */ = {isa = PBXBuildFile; fileRef = CC2B4FBB1ACEDF5000872D19 /* university.json */; };
		CC2B4FCA1ACEDF5000872D19 /* woodCamp.json in Resources */ = {isa = PBXBuildFile; fileRef = CC2B4FBC1ACEDF5000872D19 /* woodCamp.json */; };
		CC2B4FCB1ACEDF5000872D19 /* workshop.json in Resources */ = {isa = PBXBuildFile; fileRef = CC2B4FBD1ACEDF5000872D19 /* workshop.json */; };
		CC412DC61AE14A26001A1FAB /* BDWarLogic.m in Sources */ = {isa = PBXBuildFile; fileRef = CC412DC51AE14A26001A1FAB /* BDWarLogic.m */; };
		CC558D161A83C37100A3F0AB /* BDMap.m in Sources */ = {isa = PBXBuildFile; fileRef = CC558D0D1A83C37100A3F0AB /* BDMap.m */; };
		CC558D171A83C37100A3F0AB /* BDBuilding.m in Sources */ = {isa = PBXBuildFile; fileRef = CC558D111A83C37100A3F0AB /* BDBuilding.m */; };
		CC558D1B1A83C3D500A3F0AB /* BDWoodCamp.m in Sources */ = {isa = PBXBuildFile; fileRef = CC558D1A1A83C3D500A3F0AB /* BDWoodCamp.m */; };
		CC558D1E1A83C3FB00A3F0AB /* BDGoldMine.m in Sources */ = {isa = PBXBuildFile; fileRef = CC558D1D1A83C3FB00A3F0AB /* BDGoldMine.m */; };
		CC558D241A83C43000A3F0AB /* BDIronMine.m in Sources */ = {isa = PBXBuildFile; fileRef = CC558D231A83C43000A3F0AB /* BDIronMine.m */; };
		CC558D2B1A83C51E00A3F0AB /* BDBaracks.m in Sources */ = {isa = PBXBuildFile; fileRef = CC558D2A1A83C51E00A3F0AB /* BDBaracks.m */; };
		CC558D2E1A83C52C00A3F0AB /* BDStable.m in Sources */ = {isa = PBXBuildFile; fileRef = CC558D2D1A83C52C00A3F0AB /* BDStable.m */; };
		CC558D311A83C53A00A3F0AB /* BDWorkshop.m in Sources */ = {isa = PBXBuildFile; fileRef = CC558D301A83C53A00A3F0AB /* BDWorkshop.m */; };
		CC558D341A83C54600A3F0AB /* BDHouse.m in Sources */ = {isa = PBXBuildFile; fileRef = CC558D331A83C54600A3F0AB /* BDHouse.m */; };
		CC558D371A83C55600A3F0AB /* BDHeadquarters.m in Sources */ = {isa = PBXBuildFile; fileRef = CC558D361A83C55600A3F0AB /* BDHeadquarters.m */; };
		CC558D3A1A83C56300A3F0AB /* BDMarket.m in Sources */ = {isa = PBXBuildFile; fileRef = CC558D391A83C56300A3F0AB /* BDMarket.m */; };
		CC558D3D1A83C57200A3F0AB /* BDUniversity.m in Sources */ = {isa = PBXBuildFile; fileRef = CC558D3C1A83C57200A3F0AB /* BDUniversity.m */; };
		CC802A651AA0DAEF00971F83 /* BDProtoProduct.m in Sources */ = {isa = PBXBuildFile; fileRef = CC802A641AA0DAEF00971F83 /* BDProtoProduct.m */; };
		CC802A691AA10BD000971F83 /* BDWizard.m in Sources */ = {isa = PBXBuildFile; fileRef = CC802A681AA10BD000971F83 /* BDWizard.m */; };
		CC802A6C1AA10BE600971F83 /* BDArcher.m in Sources */ = {isa = PBXBuildFile; fileRef = CC802A6B1AA10BE600971F83 /* BDArcher.m */; };
		CC802A6F1AA10C0700971F83 /* BDCatapult.m in Sources */ = {isa = PBXBuildFile; fileRef = CC802A6E1AA10C0700971F83 /* BDCatapult.m */; };
		CC802A721AA10C2700971F83 /* BDBaloon.m in Sources */ = {isa = PBXBuildFile; fileRef = CC802A711AA10C2700971F83 /* BDBaloon.m */; };
		CC802A751AA10C4300971F83 /* BDRam.m in Sources */ = {isa = PBXBuildFile; fileRef = CC802A741AA10C4300971F83 /* BDRam.m */; };
		CC802A781AA10C6D00971F83 /* BDHighCavalery.m in Sources */ = {isa = PBXBuildFile; fileRef = CC802A771AA10C6D00971F83 /* BDHighCavalery.m */; };
		CC802A7B1AA10C8F00971F83 /* BDLightCavalery.m in Sources */ = {isa = PBXBuildFile; fileRef = CC802A7A1AA10C8F00971F83 /* BDLightCavalery.m */; };
		CC802A7E1AA10CB200971F83 /* BDSpy.m in Sources */ = {isa = PBXBuildFile; fileRef = CC802A7D1AA10CB200971F83 /* BDSpy.m */; };
		CC802A811AA10CF300971F83 /* BDAxeman.m in Sources */ = {isa = PBXBuildFile; fileRef = CC802A801AA10CF300971F83 /* BDAxeman.m */; };
		CC802A841AA10D0400971F83 /* BDSwordsman.m in Sources */ = {isa = PBXBuildFile; fileRef = CC802A831AA10D0400971F83 /* BDSwordsman.m */; };
		CC802A871AA114B900971F83 /* BDUnit.m in Sources */ = {isa = PBXBuildFile; fileRef = CC802A861AA114B900971F83 /* BDUnit.m */; };
		CCC0A3551A9313EA0091BAF5 /* BDMenuSection.m in Sources */ = {isa = PBXBuildFile; fileRef = CCC0A3541A9313EA0091BAF5 /* BDMenuSection.m */; };
		CCC0A3581A9316B90091BAF5 /* BDMenuSectionFactory.m in Sources */ = {isa = PBXBuildFile; fileRef = CCC0A3571A9316B90091BAF5 /* BDMenuSectionFactory.m */; };
		CCC0A43F1A9B85EF0091BAF5 /* BDPlayer.m in Sources */ = {isa = PBXBuildFile; fileRef = CCC0A43E1A9B85EF0091BAF5 /* BDPlayer.m */; };
		CCC0A4421A9B90090091BAF5 /* BDGameLogicController.m in Sources */ = {isa = PBXBuildFile; fileRef = CCC0A4411A9B90090091BAF5 /* BDGameLogicController.m */; };
		CCD757DB1A8D09A800263F03 /* BDMenu.m in Sources */ = {isa = PBXBuildFile; fileRef = CCD757DA1A8D09A800263F03 /* BDMenu.m */; };
		CCD757E11A8D155900263F03 /* BDMenuItem.m in Sources */ = {isa = PBXBuildFile; fileRef = CCD757E01A8D155900263F03 /* BDMenuItem.m */; };
		CCD757E41A8D15C000263F03 /* BDMenuItemFactory.m in Sources */ = {isa = PBXBuildFile; fileRef = CCD757E31A8D15C000263F03 /* BDMenuItemFactory.m */; };
		CCDDD6581A7A8F47006A996C /* main.m in Sources */ = {isa = PBXBuildFile; fileRef = CCDDD6571A7A8F47006A996C /* main.m */; };
		CCDDD65B1A7A8F47006A996C /* AppDelegate.m in Sources */ = {isa = PBXBuildFile; fileRef = CCDDD65A1A7A8F47006A996C /* AppDelegate.m */; };
		CCDDD6601A7A8F47006A996C /* GameScene.sks in Resources */ = {isa = PBXBuildFile; fileRef = CCDDD65F1A7A8F47006A996C /* GameScene.sks */; };
		CCDDD6631A7A8F47006A996C /* GameViewController.m in Sources */ = {isa = PBXBuildFile; fileRef = CCDDD6621A7A8F47006A996C /* GameViewController.m */; };
		CCDDD6661A7A8F47006A996C /* Main.storyboard in Resources */ = {isa = PBXBuildFile; fileRef = CCDDD6641A7A8F47006A996C /* Main.storyboard */; };
		CCDDD66B1A7A8F48006A996C /* LaunchScreen.xib in Resources */ = {isa = PBXBuildFile; fileRef = CCDDD6691A7A8F48006A996C /* LaunchScreen.xib */; };
		CCDDD6771A7A8F48006A996C /* gameTests.m in Sources */ = {isa = PBXBuildFile; fileRef = CCDDD6761A7A8F48006A996C /* gameTests.m */; };
		CCE199881A8E5F6E003A0804 /* BDMenuController.m in Sources */ = {isa = PBXBuildFile; fileRef = CCE199871A8E5F6E003A0804 /* BDMenuController.m */; };
		CCE471F91B0638E6007C0E79 /* BDArmyMenu.m in Sources */ = {isa = PBXBuildFile; fileRef = CCE471F81B0638E6007C0E79 /* BDArmyMenu.m */; };
		CCE471FC1B06442E007C0E79 /* BDUnitInfo.m in Sources */ = {isa = PBXBuildFile; fileRef = CCE471FB1B06442E007C0E79 /* BDUnitInfo.m */; };
		CCEE2F081AC4775100BA027F /* BDBuildingInfoParser.m in Sources */ = {isa = PBXBuildFile; fileRef = CCEE2F071AC4775100BA027F /* BDBuildingInfoParser.m */; };
		CCF849951B306AF600EFADEA /* Supercell-magic.ttf in Resources */ = {isa = PBXBuildFile; fileRef = CCF849931B306AF200EFADEA /* Supercell-magic.ttf */; };
		CCF8499D1B307B5500EFADEA /* UIColor+Additions.m in Sources */ = {isa = PBXBuildFile; fileRef = CCF8499C1B307B5500EFADEA /* UIColor+Additions.m */; };
		CCF849A11B30960600EFADEA /* BDProgressView.m in Sources */ = {isa = PBXBuildFile; fileRef = CCF849A01B30960600EFADEA /* BDProgressView.m */; };
		CCF849A91B31B41E00EFADEA /* BDReportMenu.m in Sources */ = {isa = PBXBuildFile; fileRef = CCF849A81B31B41E00EFADEA /* BDReportMenu.m */; };
		CCF849AB1B31B92600EFADEA /* background-sound.m4a in Resources */ = {isa = PBXBuildFile; fileRef = CCF849AA1B31B8D900EFADEA /* background-sound.m4a */; };
		CCF849AD1B31BA0400EFADEA /* ClashofClans_ringtone1.m4r in Resources */ = {isa = PBXBuildFile; fileRef = CCF849AC1B31B9B000EFADEA /* ClashofClans_ringtone1.m4r */; };
		CCF849AF1B31BCBA00EFADEA /* upgrade-finished.m4r in Resources */ = {isa = PBXBuildFile; fileRef = CCF849AE1B31BB2D00EFADEA /* upgrade-finished.m4r */; };
		CCF849B31B31BFB700EFADEA /* tap-building.m4a in Resources */ = {isa = PBXBuildFile; fileRef = CCF849B21B31BFA900EFADEA /* tap-building.m4a */; };
		CCF849B61B31E09100EFADEA /* BDFirstLevelBuildingAlert.m in Sources */ = {isa = PBXBuildFile; fileRef = CCF849B51B31E09100EFADEA /* BDFirstLevelBuildingAlert.m */; };
		CCF8F69C1B3295AF00E81C5B /* Images.xcassets in Resources */ = {isa = PBXBuildFile; fileRef = CCF8F69B1B3295AF00E81C5B /* Images.xcassets */; };
		CCF8F6F21B32E8F200E81C5B /* finished-unit.m4r in Resources */ = {isa = PBXBuildFile; fileRef = CCF8F6F11B32E8F200E81C5B /* finished-unit.m4r */; };
		CCF9D3841AC9A3F00095A21E /* headquarters.json in Resources */ = {isa = PBXBuildFile; fileRef = CCF9D3811AC9A3F00095A21E /* headquarters.json */; };
/* End PBXBuildFile section */

/* Begin PBXContainerItemProxy section */
		CCDDD6711A7A8F48006A996C /* PBXContainerItemProxy */ = {
			isa = PBXContainerItemProxy;
			containerPortal = CCDDD64A1A7A8F47006A996C /* Project object */;
			proxyType = 1;
			remoteGlobalIDString = CCDDD6511A7A8F47006A996C;
			remoteInfo = game;
		};
/* End PBXContainerItemProxy section */

/* Begin PBXFileReference section */
		CC008A3A1B0F72A00037771F /* BDAttackMap.h */ = {isa = PBXFileReference; fileEncoding = 4; lastKnownFileType = sourcecode.c.h; path = BDAttackMap.h; sourceTree = "<group>"; };
		CC008A3B1B0F72A00037771F /* BDAttackMap.m */ = {isa = PBXFileReference; fileEncoding = 4; lastKnownFileType = sourcecode.c.objc; path = BDAttackMap.m; sourceTree = "<group>"; };
		CC008A3D1B0F742E0037771F /* BDAttackMenu.h */ = {isa = PBXFileReference; fileEncoding = 4; lastKnownFileType = sourcecode.c.h; path = BDAttackMenu.h; sourceTree = "<group>"; };
		CC008A3E1B0F742E0037771F /* BDAttackMenu.m */ = {isa = PBXFileReference; fileEncoding = 4; lastKnownFileType = sourcecode.c.objc; path = BDAttackMenu.m; sourceTree = "<group>"; };
		CC008A401B0F765A0037771F /* BDTown.h */ = {isa = PBXFileReference; fileEncoding = 4; lastKnownFileType = sourcecode.c.h; path = BDTown.h; sourceTree = "<group>"; };
		CC008A411B0F765A0037771F /* BDTown.m */ = {isa = PBXFileReference; fileEncoding = 4; lastKnownFileType = sourcecode.c.objc; path = BDTown.m; sourceTree = "<group>"; };
		CC008A431B0F90C60037771F /* UIButton+Block.h */ = {isa = PBXFileReference; fileEncoding = 4; lastKnownFileType = sourcecode.c.h; path = "UIButton+Block.h"; sourceTree = "<group>"; };
		CC008A441B0F90C60037771F /* UIButton+Block.m */ = {isa = PBXFileReference; fileEncoding = 4; lastKnownFileType = sourcecode.c.objc; path = "UIButton+Block.m"; sourceTree = "<group>"; };
		CC00A8041AEA86A300A2A1D0 /* BDSquad.h */ = {isa = PBXFileReference; fileEncoding = 4; lastKnownFileType = sourcecode.c.h; path = BDSquad.h; sourceTree = "<group>"; };
		CC00A8051AEA86A400A2A1D0 /* BDSquad.m */ = {isa = PBXFileReference; fileEncoding = 4; lastKnownFileType = sourcecode.c.objc; path = BDSquad.m; sourceTree = "<group>"; };
		CC00A8071AEAC91200A2A1D0 /* BDMapGestures.h */ = {isa = PBXFileReference; fileEncoding = 4; lastKnownFileType = sourcecode.c.h; path = BDMapGestures.h; sourceTree = "<group>"; };
		CC00A8081AEAC91200A2A1D0 /* BDMapGestures.m */ = {isa = PBXFileReference; fileEncoding = 4; lastKnownFileType = sourcecode.c.objc; path = BDMapGestures.m; sourceTree = "<group>"; };
		CC032CB21B1220BC004C3838 /* BDAttackMapViewController.h */ = {isa = PBXFileReference; fileEncoding = 4; lastKnownFileType = sourcecode.c.h; path = BDAttackMapViewController.h; sourceTree = "<group>"; };
		CC032CB31B1220BC004C3838 /* BDAttackMapViewController.m */ = {isa = PBXFileReference; fileEncoding = 4; lastKnownFileType = sourcecode.c.objc; path = BDAttackMapViewController.m; sourceTree = "<group>"; };
		CC032CB41B1220BC004C3838 /* BDAttackMapViewController.xib */ = {isa = PBXFileReference; fileEncoding = 4; lastKnownFileType = file.xib; path = BDAttackMapViewController.xib; sourceTree = "<group>"; };
		CC059BDA1AF120060080F3A1 /* BDUnitInfoView.h */ = {isa = PBXFileReference; fileEncoding = 4; lastKnownFileType = sourcecode.c.h; name = BDUnitInfoView.h; path = Views/BDUnitInfoView.h; sourceTree = "<group>"; };
		CC059BDB1AF120060080F3A1 /* BDUnitInfoView.m */ = {isa = PBXFileReference; fileEncoding = 4; lastKnownFileType = sourcecode.c.objc; name = BDUnitInfoView.m; path = Views/BDUnitInfoView.m; sourceTree = "<group>"; };
		CC2466C41ABC7A580056631D /* BDBuildingMenu.h */ = {isa = PBXFileReference; fileEncoding = 4; lastKnownFileType = sourcecode.c.h; path = BDBuildingMenu.h; sourceTree = "<group>"; };
		CC2466C51ABC7A580056631D /* BDBuildingMenu.m */ = {isa = PBXFileReference; fileEncoding = 4; lastKnownFileType = sourcecode.c.objc; path = BDBuildingMenu.m; sourceTree = "<group>"; };
		CC2B4FB01ACEDF5000872D19 /* archer.json */ = {isa = PBXFileReference; fileEncoding = 4; lastKnownFileType = text.json; path = archer.json; sourceTree = "<group>"; };
		CC2B4FB11ACEDF5000872D19 /* axeman.json */ = {isa = PBXFileReference; fileEncoding = 4; lastKnownFileType = text.json; path = axeman.json; sourceTree = "<group>"; };
		CC2B4FB21ACEDF5000872D19 /* barracks.json */ = {isa = PBXFileReference; fileEncoding = 4; lastKnownFileType = text.json; path = barracks.json; sourceTree = "<group>"; };
		CC2B4FB31ACEDF5000872D19 /* goldMine.json */ = {isa = PBXFileReference; fileEncoding = 4; lastKnownFileType = text.json; path = goldMine.json; sourceTree = "<group>"; };
		CC2B4FB41ACEDF5000872D19 /* heavyCavalery.json */ = {isa = PBXFileReference; fileEncoding = 4; lastKnownFileType = text.json; path = heavyCavalery.json; sourceTree = "<group>"; };
		CC2B4FB51ACEDF5000872D19 /* house.json */ = {isa = PBXFileReference; fileEncoding = 4; lastKnownFileType = text.json; path = house.json; sourceTree = "<group>"; };
		CC2B4FB61ACEDF5000872D19 /* ironMine.json */ = {isa = PBXFileReference; fileEncoding = 4; lastKnownFileType = text.json; path = ironMine.json; sourceTree = "<group>"; };
		CC2B4FB71ACEDF5000872D19 /* lightCavalery.json */ = {isa = PBXFileReference; fileEncoding = 4; lastKnownFileType = text.json; path = lightCavalery.json; sourceTree = "<group>"; };
		CC2B4FB81ACEDF5000872D19 /* market.json */ = {isa = PBXFileReference; fileEncoding = 4; lastKnownFileType = text.json; path = market.json; sourceTree = "<group>"; };
		CC2B4FB91ACEDF5000872D19 /* stable.json */ = {isa = PBXFileReference; fileEncoding = 4; lastKnownFileType = text.json; path = stable.json; sourceTree = "<group>"; };
		CC2B4FBA1ACEDF5000872D19 /* swordsman.json */ = {isa = PBXFileReference; fileEncoding = 4; lastKnownFileType = text.json; path = swordsman.json; sourceTree = "<group>"; };
		CC2B4FBB1ACEDF5000872D19 /* university.json */ = {isa = PBXFileReference; fileEncoding = 4; lastKnownFileType = text.json; path = university.json; sourceTree = "<group>"; };
		CC2B4FBC1ACEDF5000872D19 /* woodCamp.json */ = {isa = PBXFileReference; fileEncoding = 4; lastKnownFileType = text.json; path = woodCamp.json; sourceTree = "<group>"; };
		CC2B4FBD1ACEDF5000872D19 /* workshop.json */ = {isa = PBXFileReference; fileEncoding = 4; lastKnownFileType = text.json; path = workshop.json; sourceTree = "<group>"; };
		CC412DC31AE14252001A1FAB /* BuildOptions.h */ = {isa = PBXFileReference; lastKnownFileType = sourcecode.c.h; path = BuildOptions.h; sourceTree = "<group>"; };
		CC412DC41AE14A26001A1FAB /* BDWarLogic.h */ = {isa = PBXFileReference; fileEncoding = 4; lastKnownFileType = sourcecode.c.h; path = BDWarLogic.h; sourceTree = "<group>"; };
		CC412DC51AE14A26001A1FAB /* BDWarLogic.m */ = {isa = PBXFileReference; fileEncoding = 4; lastKnownFileType = sourcecode.c.objc; path = BDWarLogic.m; sourceTree = "<group>"; };
		CC558D0C1A83C37100A3F0AB /* BDMap.h */ = {isa = PBXFileReference; fileEncoding = 4; lastKnownFileType = sourcecode.c.h; path = BDMap.h; sourceTree = "<group>"; };
		CC558D0D1A83C37100A3F0AB /* BDMap.m */ = {isa = PBXFileReference; fileEncoding = 4; lastKnownFileType = sourcecode.c.objc; path = BDMap.m; sourceTree = "<group>"; };
		CC558D101A83C37100A3F0AB /* BDBuilding.h */ = {isa = PBXFileReference; fileEncoding = 4; lastKnownFileType = sourcecode.c.h; path = BDBuilding.h; sourceTree = "<group>"; };
		CC558D111A83C37100A3F0AB /* BDBuilding.m */ = {isa = PBXFileReference; fileEncoding = 4; lastKnownFileType = sourcecode.c.objc; path = BDBuilding.m; sourceTree = "<group>"; };
		CC558D191A83C3D500A3F0AB /* BDWoodCamp.h */ = {isa = PBXFileReference; fileEncoding = 4; lastKnownFileType = sourcecode.c.h; path = BDWoodCamp.h; sourceTree = "<group>"; };
		CC558D1A1A83C3D500A3F0AB /* BDWoodCamp.m */ = {isa = PBXFileReference; fileEncoding = 4; lastKnownFileType = sourcecode.c.objc; path = BDWoodCamp.m; sourceTree = "<group>"; };
		CC558D1C1A83C3FB00A3F0AB /* BDGoldMine.h */ = {isa = PBXFileReference; fileEncoding = 4; lastKnownFileType = sourcecode.c.h; path = BDGoldMine.h; sourceTree = "<group>"; };
		CC558D1D1A83C3FB00A3F0AB /* BDGoldMine.m */ = {isa = PBXFileReference; fileEncoding = 4; lastKnownFileType = sourcecode.c.objc; path = BDGoldMine.m; sourceTree = "<group>"; };
		CC558D221A83C43000A3F0AB /* BDIronMine.h */ = {isa = PBXFileReference; fileEncoding = 4; lastKnownFileType = sourcecode.c.h; path = BDIronMine.h; sourceTree = "<group>"; };
		CC558D231A83C43000A3F0AB /* BDIronMine.m */ = {isa = PBXFileReference; fileEncoding = 4; lastKnownFileType = sourcecode.c.objc; path = BDIronMine.m; sourceTree = "<group>"; };
		CC558D291A83C51E00A3F0AB /* BDBaracks.h */ = {isa = PBXFileReference; fileEncoding = 4; lastKnownFileType = sourcecode.c.h; path = BDBaracks.h; sourceTree = "<group>"; };
		CC558D2A1A83C51E00A3F0AB /* BDBaracks.m */ = {isa = PBXFileReference; fileEncoding = 4; lastKnownFileType = sourcecode.c.objc; path = BDBaracks.m; sourceTree = "<group>"; };
		CC558D2C1A83C52C00A3F0AB /* BDStable.h */ = {isa = PBXFileReference; fileEncoding = 4; lastKnownFileType = sourcecode.c.h; path = BDStable.h; sourceTree = "<group>"; };
		CC558D2D1A83C52C00A3F0AB /* BDStable.m */ = {isa = PBXFileReference; fileEncoding = 4; lastKnownFileType = sourcecode.c.objc; path = BDStable.m; sourceTree = "<group>"; };
		CC558D2F1A83C53A00A3F0AB /* BDWorkshop.h */ = {isa = PBXFileReference; fileEncoding = 4; lastKnownFileType = sourcecode.c.h; path = BDWorkshop.h; sourceTree = "<group>"; };
		CC558D301A83C53A00A3F0AB /* BDWorkshop.m */ = {isa = PBXFileReference; fileEncoding = 4; lastKnownFileType = sourcecode.c.objc; path = BDWorkshop.m; sourceTree = "<group>"; };
		CC558D321A83C54600A3F0AB /* BDHouse.h */ = {isa = PBXFileReference; fileEncoding = 4; lastKnownFileType = sourcecode.c.h; path = BDHouse.h; sourceTree = "<group>"; };
		CC558D331A83C54600A3F0AB /* BDHouse.m */ = {isa = PBXFileReference; fileEncoding = 4; lastKnownFileType = sourcecode.c.objc; path = BDHouse.m; sourceTree = "<group>"; };
		CC558D351A83C55600A3F0AB /* BDHeadquarters.h */ = {isa = PBXFileReference; fileEncoding = 4; lastKnownFileType = sourcecode.c.h; path = BDHeadquarters.h; sourceTree = "<group>"; };
		CC558D361A83C55600A3F0AB /* BDHeadquarters.m */ = {isa = PBXFileReference; fileEncoding = 4; lastKnownFileType = sourcecode.c.objc; path = BDHeadquarters.m; sourceTree = "<group>"; };
		CC558D381A83C56300A3F0AB /* BDMarket.h */ = {isa = PBXFileReference; fileEncoding = 4; lastKnownFileType = sourcecode.c.h; path = BDMarket.h; sourceTree = "<group>"; };
		CC558D391A83C56300A3F0AB /* BDMarket.m */ = {isa = PBXFileReference; fileEncoding = 4; lastKnownFileType = sourcecode.c.objc; path = BDMarket.m; sourceTree = "<group>"; };
		CC558D3B1A83C57200A3F0AB /* BDUniversity.h */ = {isa = PBXFileReference; fileEncoding = 4; lastKnownFileType = sourcecode.c.h; path = BDUniversity.h; sourceTree = "<group>"; };
		CC558D3C1A83C57200A3F0AB /* BDUniversity.m */ = {isa = PBXFileReference; fileEncoding = 4; lastKnownFileType = sourcecode.c.objc; path = BDUniversity.m; sourceTree = "<group>"; };
		CC802A631AA0DAEF00971F83 /* BDProtoProduct.h */ = {isa = PBXFileReference; fileEncoding = 4; lastKnownFileType = sourcecode.c.h; name = BDProtoProduct.h; path = ../BDPlayer/BDProtoProduct.h; sourceTree = "<group>"; };
		CC802A641AA0DAEF00971F83 /* BDProtoProduct.m */ = {isa = PBXFileReference; fileEncoding = 4; lastKnownFileType = sourcecode.c.objc; name = BDProtoProduct.m; path = ../BDPlayer/BDProtoProduct.m; sourceTree = "<group>"; };
		CC802A671AA10BD000971F83 /* BDWizard.h */ = {isa = PBXFileReference; fileEncoding = 4; lastKnownFileType = sourcecode.c.h; path = BDWizard.h; sourceTree = "<group>"; };
		CC802A681AA10BD000971F83 /* BDWizard.m */ = {isa = PBXFileReference; fileEncoding = 4; lastKnownFileType = sourcecode.c.objc; path = BDWizard.m; sourceTree = "<group>"; };
		CC802A6A1AA10BE600971F83 /* BDArcher.h */ = {isa = PBXFileReference; fileEncoding = 4; lastKnownFileType = sourcecode.c.h; path = BDArcher.h; sourceTree = "<group>"; };
		CC802A6B1AA10BE600971F83 /* BDArcher.m */ = {isa = PBXFileReference; fileEncoding = 4; lastKnownFileType = sourcecode.c.objc; path = BDArcher.m; sourceTree = "<group>"; };
		CC802A6D1AA10C0700971F83 /* BDCatapult.h */ = {isa = PBXFileReference; fileEncoding = 4; lastKnownFileType = sourcecode.c.h; path = BDCatapult.h; sourceTree = "<group>"; };
		CC802A6E1AA10C0700971F83 /* BDCatapult.m */ = {isa = PBXFileReference; fileEncoding = 4; lastKnownFileType = sourcecode.c.objc; path = BDCatapult.m; sourceTree = "<group>"; };
		CC802A701AA10C2700971F83 /* BDBaloon.h */ = {isa = PBXFileReference; fileEncoding = 4; lastKnownFileType = sourcecode.c.h; path = BDBaloon.h; sourceTree = "<group>"; };
		CC802A711AA10C2700971F83 /* BDBaloon.m */ = {isa = PBXFileReference; fileEncoding = 4; lastKnownFileType = sourcecode.c.objc; path = BDBaloon.m; sourceTree = "<group>"; };
		CC802A731AA10C4300971F83 /* BDRam.h */ = {isa = PBXFileReference; fileEncoding = 4; lastKnownFileType = sourcecode.c.h; path = BDRam.h; sourceTree = "<group>"; };
		CC802A741AA10C4300971F83 /* BDRam.m */ = {isa = PBXFileReference; fileEncoding = 4; lastKnownFileType = sourcecode.c.objc; path = BDRam.m; sourceTree = "<group>"; };
		CC802A761AA10C6D00971F83 /* BDHighCavalery.h */ = {isa = PBXFileReference; fileEncoding = 4; lastKnownFileType = sourcecode.c.h; path = BDHighCavalery.h; sourceTree = "<group>"; };
		CC802A771AA10C6D00971F83 /* BDHighCavalery.m */ = {isa = PBXFileReference; fileEncoding = 4; lastKnownFileType = sourcecode.c.objc; path = BDHighCavalery.m; sourceTree = "<group>"; };
		CC802A791AA10C8F00971F83 /* BDLightCavalery.h */ = {isa = PBXFileReference; fileEncoding = 4; lastKnownFileType = sourcecode.c.h; path = BDLightCavalery.h; sourceTree = "<group>"; };
		CC802A7A1AA10C8F00971F83 /* BDLightCavalery.m */ = {isa = PBXFileReference; fileEncoding = 4; lastKnownFileType = sourcecode.c.objc; path = BDLightCavalery.m; sourceTree = "<group>"; };
		CC802A7C1AA10CB200971F83 /* BDSpy.h */ = {isa = PBXFileReference; fileEncoding = 4; lastKnownFileType = sourcecode.c.h; path = BDSpy.h; sourceTree = "<group>"; };
		CC802A7D1AA10CB200971F83 /* BDSpy.m */ = {isa = PBXFileReference; fileEncoding = 4; lastKnownFileType = sourcecode.c.objc; path = BDSpy.m; sourceTree = "<group>"; };
		CC802A7F1AA10CF300971F83 /* BDAxeman.h */ = {isa = PBXFileReference; fileEncoding = 4; lastKnownFileType = sourcecode.c.h; path = BDAxeman.h; sourceTree = "<group>"; };
		CC802A801AA10CF300971F83 /* BDAxeman.m */ = {isa = PBXFileReference; fileEncoding = 4; lastKnownFileType = sourcecode.c.objc; path = BDAxeman.m; sourceTree = "<group>"; };
		CC802A821AA10D0400971F83 /* BDSwordsman.h */ = {isa = PBXFileReference; fileEncoding = 4; lastKnownFileType = sourcecode.c.h; path = BDSwordsman.h; sourceTree = "<group>"; };
		CC802A831AA10D0400971F83 /* BDSwordsman.m */ = {isa = PBXFileReference; fileEncoding = 4; lastKnownFileType = sourcecode.c.objc; path = BDSwordsman.m; sourceTree = "<group>"; };
		CC802A851AA114B900971F83 /* BDUnit.h */ = {isa = PBXFileReference; fileEncoding = 4; lastKnownFileType = sourcecode.c.h; path = BDUnit.h; sourceTree = "<group>"; };
		CC802A861AA114B900971F83 /* BDUnit.m */ = {isa = PBXFileReference; fileEncoding = 4; lastKnownFileType = sourcecode.c.objc; path = BDUnit.m; sourceTree = "<group>"; };
		CCC0A3531A9313EA0091BAF5 /* BDMenuSection.h */ = {isa = PBXFileReference; fileEncoding = 4; lastKnownFileType = sourcecode.c.h; path = BDMenuSection.h; sourceTree = "<group>"; };
		CCC0A3541A9313EA0091BAF5 /* BDMenuSection.m */ = {isa = PBXFileReference; fileEncoding = 4; lastKnownFileType = sourcecode.c.objc; path = BDMenuSection.m; sourceTree = "<group>"; };
		CCC0A3561A9316B90091BAF5 /* BDMenuSectionFactory.h */ = {isa = PBXFileReference; fileEncoding = 4; lastKnownFileType = sourcecode.c.h; path = BDMenuSectionFactory.h; sourceTree = "<group>"; };
		CCC0A3571A9316B90091BAF5 /* BDMenuSectionFactory.m */ = {isa = PBXFileReference; fileEncoding = 4; lastKnownFileType = sourcecode.c.objc; path = BDMenuSectionFactory.m; sourceTree = "<group>"; };
		CCC0A43D1A9B85EF0091BAF5 /* BDPlayer.h */ = {isa = PBXFileReference; fileEncoding = 4; lastKnownFileType = sourcecode.c.h; path = BDPlayer.h; sourceTree = "<group>"; };
		CCC0A43E1A9B85EF0091BAF5 /* BDPlayer.m */ = {isa = PBXFileReference; fileEncoding = 4; lastKnownFileType = sourcecode.c.objc; path = BDPlayer.m; sourceTree = "<group>"; };
		CCC0A4401A9B90090091BAF5 /* BDGameLogicController.h */ = {isa = PBXFileReference; fileEncoding = 4; lastKnownFileType = sourcecode.c.h; path = BDGameLogicController.h; sourceTree = "<group>"; };
		CCC0A4411A9B90090091BAF5 /* BDGameLogicController.m */ = {isa = PBXFileReference; fileEncoding = 4; lastKnownFileType = sourcecode.c.objc; path = BDGameLogicController.m; sourceTree = "<group>"; };
		CCD757D91A8D09A800263F03 /* BDMenu.h */ = {isa = PBXFileReference; fileEncoding = 4; lastKnownFileType = sourcecode.c.h; path = BDMenu.h; sourceTree = "<group>"; };
		CCD757DA1A8D09A800263F03 /* BDMenu.m */ = {isa = PBXFileReference; fileEncoding = 4; lastKnownFileType = sourcecode.c.objc; path = BDMenu.m; sourceTree = "<group>"; };
		CCD757DF1A8D155900263F03 /* BDMenuItem.h */ = {isa = PBXFileReference; fileEncoding = 4; lastKnownFileType = sourcecode.c.h; path = BDMenuItem.h; sourceTree = "<group>"; };
		CCD757E01A8D155900263F03 /* BDMenuItem.m */ = {isa = PBXFileReference; fileEncoding = 4; lastKnownFileType = sourcecode.c.objc; path = BDMenuItem.m; sourceTree = "<group>"; };
		CCD757E21A8D15C000263F03 /* BDMenuItemFactory.h */ = {isa = PBXFileReference; fileEncoding = 4; lastKnownFileType = sourcecode.c.h; path = BDMenuItemFactory.h; sourceTree = "<group>"; };
		CCD757E31A8D15C000263F03 /* BDMenuItemFactory.m */ = {isa = PBXFileReference; fileEncoding = 4; lastKnownFileType = sourcecode.c.objc; path = BDMenuItemFactory.m; sourceTree = "<group>"; };
		CCDDD6521A7A8F47006A996C /* game.app */ = {isa = PBXFileReference; explicitFileType = wrapper.application; includeInIndex = 0; path = game.app; sourceTree = BUILT_PRODUCTS_DIR; };
		CCDDD6561A7A8F47006A996C /* Info.plist */ = {isa = PBXFileReference; lastKnownFileType = text.plist.xml; path = Info.plist; sourceTree = "<group>"; };
		CCDDD6571A7A8F47006A996C /* main.m */ = {isa = PBXFileReference; lastKnownFileType = sourcecode.c.objc; path = main.m; sourceTree = "<group>"; };
		CCDDD6591A7A8F47006A996C /* AppDelegate.h */ = {isa = PBXFileReference; lastKnownFileType = sourcecode.c.h; path = AppDelegate.h; sourceTree = "<group>"; };
		CCDDD65A1A7A8F47006A996C /* AppDelegate.m */ = {isa = PBXFileReference; lastKnownFileType = sourcecode.c.objc; path = AppDelegate.m; sourceTree = "<group>"; };
		CCDDD65F1A7A8F47006A996C /* GameScene.sks */ = {isa = PBXFileReference; lastKnownFileType = file.sks; path = GameScene.sks; sourceTree = "<group>"; };
		CCDDD6611A7A8F47006A996C /* GameViewController.h */ = {isa = PBXFileReference; lastKnownFileType = sourcecode.c.h; path = GameViewController.h; sourceTree = "<group>"; };
		CCDDD6621A7A8F47006A996C /* GameViewController.m */ = {isa = PBXFileReference; lastKnownFileType = sourcecode.c.objc; path = GameViewController.m; sourceTree = "<group>"; };
		CCDDD6651A7A8F47006A996C /* Base */ = {isa = PBXFileReference; lastKnownFileType = file.storyboard; name = Base; path = Base.lproj/Main.storyboard; sourceTree = "<group>"; };
		CCDDD66A1A7A8F48006A996C /* Base */ = {isa = PBXFileReference; lastKnownFileType = file.xib; name = Base; path = Base.lproj/LaunchScreen.xib; sourceTree = "<group>"; };
		CCDDD6701A7A8F48006A996C /* gameTests.xctest */ = {isa = PBXFileReference; explicitFileType = wrapper.cfbundle; includeInIndex = 0; path = gameTests.xctest; sourceTree = BUILT_PRODUCTS_DIR; };
		CCDDD6751A7A8F48006A996C /* Info.plist */ = {isa = PBXFileReference; lastKnownFileType = text.plist.xml; path = Info.plist; sourceTree = "<group>"; };
		CCDDD6761A7A8F48006A996C /* gameTests.m */ = {isa = PBXFileReference; lastKnownFileType = sourcecode.c.objc; path = gameTests.m; sourceTree = "<group>"; };
		CCE199861A8E5F6E003A0804 /* BDMenuController.h */ = {isa = PBXFileReference; fileEncoding = 4; lastKnownFileType = sourcecode.c.h; name = BDMenuController.h; path = Views/BDMenuController.h; sourceTree = "<group>"; };
		CCE199871A8E5F6E003A0804 /* BDMenuController.m */ = {isa = PBXFileReference; fileEncoding = 4; lastKnownFileType = sourcecode.c.objc; name = BDMenuController.m; path = Views/BDMenuController.m; sourceTree = "<group>"; };
		CCE199891A8E602E003A0804 /* BDMenuDefinitions.h */ = {isa = PBXFileReference; fileEncoding = 4; lastKnownFileType = sourcecode.c.h; name = BDMenuDefinitions.h; path = Views/BDMenuDefinitions.h; sourceTree = "<group>"; };
		CCE471F71B0638E6007C0E79 /* BDArmyMenu.h */ = {isa = PBXFileReference; fileEncoding = 4; lastKnownFileType = sourcecode.c.h; path = BDArmyMenu.h; sourceTree = "<group>"; };
		CCE471F81B0638E6007C0E79 /* BDArmyMenu.m */ = {isa = PBXFileReference; fileEncoding = 4; lastKnownFileType = sourcecode.c.objc; path = BDArmyMenu.m; sourceTree = "<group>"; };
		CCE471FA1B06442E007C0E79 /* BDUnitInfo.h */ = {isa = PBXFileReference; fileEncoding = 4; lastKnownFileType = sourcecode.c.h; path = BDUnitInfo.h; sourceTree = "<group>"; };
		CCE471FB1B06442E007C0E79 /* BDUnitInfo.m */ = {isa = PBXFileReference; fileEncoding = 4; lastKnownFileType = sourcecode.c.objc; path = BDUnitInfo.m; sourceTree = "<group>"; };
		CCEE2F061AC4775100BA027F /* BDBuildingInfoParser.h */ = {isa = PBXFileReference; fileEncoding = 4; lastKnownFileType = sourcecode.c.h; path = BDBuildingInfoParser.h; sourceTree = "<group>"; };
		CCEE2F071AC4775100BA027F /* BDBuildingInfoParser.m */ = {isa = PBXFileReference; fileEncoding = 4; lastKnownFileType = sourcecode.c.objc; path = BDBuildingInfoParser.m; sourceTree = "<group>"; };
		CCF849931B306AF200EFADEA /* Supercell-magic.ttf */ = {isa = PBXFileReference; lastKnownFileType = file; path = "Supercell-magic.ttf"; sourceTree = "<group>"; };
		CCF8499B1B307B5500EFADEA /* UIColor+Additions.h */ = {isa = PBXFileReference; fileEncoding = 4; lastKnownFileType = sourcecode.c.h; path = "UIColor+Additions.h"; sourceTree = "<group>"; };
		CCF8499C1B307B5500EFADEA /* UIColor+Additions.m */ = {isa = PBXFileReference; fileEncoding = 4; lastKnownFileType = sourcecode.c.objc; path = "UIColor+Additions.m"; sourceTree = "<group>"; };
		CCF8499E1B307BE000EFADEA /* PrefixHeader.pch */ = {isa = PBXFileReference; lastKnownFileType = sourcecode.c.h; path = PrefixHeader.pch; sourceTree = "<group>"; };
		CCF8499F1B30960600EFADEA /* BDProgressView.h */ = {isa = PBXFileReference; fileEncoding = 4; lastKnownFileType = sourcecode.c.h; path = BDProgressView.h; sourceTree = "<group>"; };
		CCF849A01B30960600EFADEA /* BDProgressView.m */ = {isa = PBXFileReference; fileEncoding = 4; lastKnownFileType = sourcecode.c.objc; path = BDProgressView.m; sourceTree = "<group>"; };
		CCF849A71B31B41E00EFADEA /* BDReportMenu.h */ = {isa = PBXFileReference; fileEncoding = 4; lastKnownFileType = sourcecode.c.h; path = BDReportMenu.h; sourceTree = "<group>"; };
		CCF849A81B31B41E00EFADEA /* BDReportMenu.m */ = {isa = PBXFileReference; fileEncoding = 4; lastKnownFileType = sourcecode.c.objc; path = BDReportMenu.m; sourceTree = "<group>"; };
		CCF849AA1B31B8D900EFADEA /* background-sound.m4a */ = {isa = PBXFileReference; lastKnownFileType = file; path = "background-sound.m4a"; sourceTree = "<group>"; };
		CCF849AC1B31B9B000EFADEA /* ClashofClans_ringtone1.m4r */ = {isa = PBXFileReference; lastKnownFileType = file; path = ClashofClans_ringtone1.m4r; sourceTree = "<group>"; };
		CCF849AE1B31BB2D00EFADEA /* upgrade-finished.m4r */ = {isa = PBXFileReference; lastKnownFileType = file; path = "upgrade-finished.m4r"; sourceTree = "<group>"; };
		CCF849B21B31BFA900EFADEA /* tap-building.m4a */ = {isa = PBXFileReference; lastKnownFileType = file; path = "tap-building.m4a"; sourceTree = "<group>"; };
		CCF849B41B31E09100EFADEA /* BDFirstLevelBuildingAlert.h */ = {isa = PBXFileReference; fileEncoding = 4; lastKnownFileType = sourcecode.c.h; path = BDFirstLevelBuildingAlert.h; sourceTree = "<group>"; };
		CCF849B51B31E09100EFADEA /* BDFirstLevelBuildingAlert.m */ = {isa = PBXFileReference; fileEncoding = 4; lastKnownFileType = sourcecode.c.objc; path = BDFirstLevelBuildingAlert.m; sourceTree = "<group>"; };
		CCF8F69B1B3295AF00E81C5B /* Images.xcassets */ = {isa = PBXFileReference; lastKnownFileType = folder.assetcatalog; path = Images.xcassets; sourceTree = "<group>"; };
		CCF8F6F11B32E8F200E81C5B /* finished-unit.m4r */ = {isa = PBXFileReference; lastKnownFileType = file; path = "finished-unit.m4r"; sourceTree = "<group>"; };
		CCF9D3811AC9A3F00095A21E /* headquarters.json */ = {isa = PBXFileReference; fileEncoding = 4; lastKnownFileType = text.json; path = headquarters.json; sourceTree = "<group>"; };
/* End PBXFileReference section */

/* Begin PBXFrameworksBuildPhase section */
		CCDDD64F1A7A8F47006A996C /* Frameworks */ = {
			isa = PBXFrameworksBuildPhase;
			buildActionMask = 2147483647;
			files = (
			);
			runOnlyForDeploymentPostprocessing = 0;
		};
		CCDDD66D1A7A8F48006A996C /* Frameworks */ = {
			isa = PBXFrameworksBuildPhase;
			buildActionMask = 2147483647;
			files = (
			);
			runOnlyForDeploymentPostprocessing = 0;
		};
/* End PBXFrameworksBuildPhase section */

/* Begin PBXGroup section */
		CC558D0B1A83C37100A3F0AB /* Models */ = {
			isa = PBXGroup;
			children = (
				CCC0A43C1A9B85DB0091BAF5 /* BDPlayer */,
				CC802A661AA10BBB00971F83 /* BDUnits */,
				CC558D0E1A83C37100A3F0AB /* Buildings */,
				CCEE2F191AC481C300BA027F /* Other */,
				CCF8499B1B307B5500EFADEA /* UIColor+Additions.h */,
				CCF8499C1B307B5500EFADEA /* UIColor+Additions.m */,
			);
			path = Models;
			sourceTree = "<group>";
		};
		CC558D0E1A83C37100A3F0AB /* Buildings */ = {
			isa = PBXGroup;
			children = (
				CC558D101A83C37100A3F0AB /* BDBuilding.h */,
				CC558D111A83C37100A3F0AB /* BDBuilding.m */,
				CC558D281A83C51000A3F0AB /* Army */,
				CC558D121A83C37100A3F0AB /* People */,
				CC558D131A83C37100A3F0AB /* Resources */,
			);
			path = Buildings;
			sourceTree = "<group>";
		};
		CC558D121A83C37100A3F0AB /* People */ = {
			isa = PBXGroup;
			children = (
				CC558D321A83C54600A3F0AB /* BDHouse.h */,
				CC558D331A83C54600A3F0AB /* BDHouse.m */,
				CC558D351A83C55600A3F0AB /* BDHeadquarters.h */,
				CC558D361A83C55600A3F0AB /* BDHeadquarters.m */,
				CC558D381A83C56300A3F0AB /* BDMarket.h */,
				CC558D391A83C56300A3F0AB /* BDMarket.m */,
				CC558D3B1A83C57200A3F0AB /* BDUniversity.h */,
				CC558D3C1A83C57200A3F0AB /* BDUniversity.m */,
			);
			path = People;
			sourceTree = "<group>";
		};
		CC558D131A83C37100A3F0AB /* Resources */ = {
			isa = PBXGroup;
			children = (
				CC558D191A83C3D500A3F0AB /* BDWoodCamp.h */,
				CC558D1A1A83C3D500A3F0AB /* BDWoodCamp.m */,
				CC558D1C1A83C3FB00A3F0AB /* BDGoldMine.h */,
				CC558D1D1A83C3FB00A3F0AB /* BDGoldMine.m */,
				CC558D221A83C43000A3F0AB /* BDIronMine.h */,
				CC558D231A83C43000A3F0AB /* BDIronMine.m */,
			);
			path = Resources;
			sourceTree = "<group>";
		};
		CC558D281A83C51000A3F0AB /* Army */ = {
			isa = PBXGroup;
			children = (
				CC558D291A83C51E00A3F0AB /* BDBaracks.h */,
				CC558D2A1A83C51E00A3F0AB /* BDBaracks.m */,
				CC558D2C1A83C52C00A3F0AB /* BDStable.h */,
				CC558D2D1A83C52C00A3F0AB /* BDStable.m */,
				CC558D2F1A83C53A00A3F0AB /* BDWorkshop.h */,
				CC558D301A83C53A00A3F0AB /* BDWorkshop.m */,
			);
			path = Army;
			sourceTree = "<group>";
		};
		CC802A661AA10BBB00971F83 /* BDUnits */ = {
			isa = PBXGroup;
			children = (
				CC802A631AA0DAEF00971F83 /* BDProtoProduct.h */,
				CC802A641AA0DAEF00971F83 /* BDProtoProduct.m */,
				CC802A6A1AA10BE600971F83 /* BDArcher.h */,
				CC802A6B1AA10BE600971F83 /* BDArcher.m */,
				CC802A7F1AA10CF300971F83 /* BDAxeman.h */,
				CC802A801AA10CF300971F83 /* BDAxeman.m */,
				CC802A701AA10C2700971F83 /* BDBaloon.h */,
				CC802A711AA10C2700971F83 /* BDBaloon.m */,
				CC802A6D1AA10C0700971F83 /* BDCatapult.h */,
				CC802A6E1AA10C0700971F83 /* BDCatapult.m */,
				CC802A761AA10C6D00971F83 /* BDHighCavalery.h */,
				CC802A771AA10C6D00971F83 /* BDHighCavalery.m */,
				CC802A791AA10C8F00971F83 /* BDLightCavalery.h */,
				CC802A7A1AA10C8F00971F83 /* BDLightCavalery.m */,
				CC802A731AA10C4300971F83 /* BDRam.h */,
				CC802A741AA10C4300971F83 /* BDRam.m */,
				CC802A7C1AA10CB200971F83 /* BDSpy.h */,
				CC802A7D1AA10CB200971F83 /* BDSpy.m */,
				CC802A821AA10D0400971F83 /* BDSwordsman.h */,
				CC802A831AA10D0400971F83 /* BDSwordsman.m */,
				CC802A671AA10BD000971F83 /* BDWizard.h */,
				CC802A681AA10BD000971F83 /* BDWizard.m */,
				CC802A851AA114B900971F83 /* BDUnit.h */,
				CC802A861AA114B900971F83 /* BDUnit.m */,
				CC00A8041AEA86A300A2A1D0 /* BDSquad.h */,
				CC00A8051AEA86A400A2A1D0 /* BDSquad.m */,
			);
			path = BDUnits;
			sourceTree = "<group>";
		};
		CCC0A3591A935CA00091BAF5 /* Menu Section */ = {
			isa = PBXGroup;
			children = (
				CCC0A3531A9313EA0091BAF5 /* BDMenuSection.h */,
				CCC0A3541A9313EA0091BAF5 /* BDMenuSection.m */,
				CCC0A3561A9316B90091BAF5 /* BDMenuSectionFactory.h */,
				CCC0A3571A9316B90091BAF5 /* BDMenuSectionFactory.m */,
			);
			name = "Menu Section";
			path = Views;
			sourceTree = "<group>";
		};
		CCC0A35A1A935CA90091BAF5 /* Menu Item */ = {
			isa = PBXGroup;
			children = (
				CCD757DF1A8D155900263F03 /* BDMenuItem.h */,
				CCD757E01A8D155900263F03 /* BDMenuItem.m */,
				CCD757E21A8D15C000263F03 /* BDMenuItemFactory.h */,
				CCD757E31A8D15C000263F03 /* BDMenuItemFactory.m */,
			);
			name = "Menu Item";
			path = Views;
			sourceTree = "<group>";
		};
		CCC0A35B1A935CB30091BAF5 /* Menu */ = {
			isa = PBXGroup;
			children = (
				CCD757D91A8D09A800263F03 /* BDMenu.h */,
				CCD757DA1A8D09A800263F03 /* BDMenu.m */,
				CC008A3D1B0F742E0037771F /* BDAttackMenu.h */,
				CC008A3E1B0F742E0037771F /* BDAttackMenu.m */,
				CCF8499F1B30960600EFADEA /* BDProgressView.h */,
				CCF849A01B30960600EFADEA /* BDProgressView.m */,
			);
			name = Menu;
			sourceTree = "<group>";
		};
		CCC0A3691A9375C30091BAF5 /* BuisnessLogic */ = {
			isa = PBXGroup;
			children = (
				CCC0A36B1A9376460091BAF5 /* Menu */,
			);
			name = BuisnessLogic;
			sourceTree = "<group>";
		};
		CCC0A36A1A93761F0091BAF5 /* MenuController */ = {
			isa = PBXGroup;
			children = (
				CCE199891A8E602E003A0804 /* BDMenuDefinitions.h */,
				CCE199861A8E5F6E003A0804 /* BDMenuController.h */,
				CCE199871A8E5F6E003A0804 /* BDMenuController.m */,
			);
			name = MenuController;
			sourceTree = "<group>";
		};
		CCC0A36B1A9376460091BAF5 /* Menu */ = {
			isa = PBXGroup;
			children = (
				CCC0A35A1A935CA90091BAF5 /* Menu Item */,
				CCC0A3591A935CA00091BAF5 /* Menu Section */,
				CCC0A36A1A93761F0091BAF5 /* MenuController */,
				CCEE2F1A1AC481E500BA027F /* Other */,
			);
			name = Menu;
			sourceTree = "<group>";
		};
		CCC0A36C1A9376DF0091BAF5 /* Resources */ = {
			isa = PBXGroup;
			children = (
				CCF8F69B1B3295AF00E81C5B /* Images.xcassets */,
				CCDDD65F1A7A8F47006A996C /* GameScene.sks */,
				CCDDD6641A7A8F47006A996C /* Main.storyboard */,
				CCDDD6691A7A8F48006A996C /* LaunchScreen.xib */,
				CC032CB41B1220BC004C3838 /* BDAttackMapViewController.xib */,
				CCF849931B306AF200EFADEA /* Supercell-magic.ttf */,
				CCF849AA1B31B8D900EFADEA /* background-sound.m4a */,
				CCF849AC1B31B9B000EFADEA /* ClashofClans_ringtone1.m4r */,
				CCF849AE1B31BB2D00EFADEA /* upgrade-finished.m4r */,
				CCF849B21B31BFA900EFADEA /* tap-building.m4a */,
				CCF8F6F11B32E8F200E81C5B /* finished-unit.m4r */,
			);
			name = Resources;
			sourceTree = "<group>";
		};
		CCC0A36D1A9377030091BAF5 /* ViewControllers */ = {
			isa = PBXGroup;
			children = (
				CCDDD6591A7A8F47006A996C /* AppDelegate.h */,
				CCDDD65A1A7A8F47006A996C /* AppDelegate.m */,
				CCDDD6611A7A8F47006A996C /* GameViewController.h */,
				CCDDD6621A7A8F47006A996C /* GameViewController.m */,
				CC032CB21B1220BC004C3838 /* BDAttackMapViewController.h */,
				CC032CB31B1220BC004C3838 /* BDAttackMapViewController.m */,
			);
			name = ViewControllers;
			sourceTree = "<group>";
		};
		CCC0A43C1A9B85DB0091BAF5 /* BDPlayer */ = {
			isa = PBXGroup;
			children = (
				CCC0A43D1A9B85EF0091BAF5 /* BDPlayer.h */,
				CCC0A43E1A9B85EF0091BAF5 /* BDPlayer.m */,
			);
			path = BDPlayer;
			sourceTree = "<group>";
		};
		CCD757D81A8D098700263F03 /* Views */ = {
			isa = PBXGroup;
			children = (
				CCC0A35B1A935CB30091BAF5 /* Menu */,
				CCE471F71B0638E6007C0E79 /* BDArmyMenu.h */,
				CCE471F81B0638E6007C0E79 /* BDArmyMenu.m */,
				CC008A431B0F90C60037771F /* UIButton+Block.h */,
				CC008A441B0F90C60037771F /* UIButton+Block.m */,
				CCF849B41B31E09100EFADEA /* BDFirstLevelBuildingAlert.h */,
				CCF849B51B31E09100EFADEA /* BDFirstLevelBuildingAlert.m */,
			);
			path = Views;
			sourceTree = "<group>";
		};
		CCDDD6491A7A8F47006A996C = {
			isa = PBXGroup;
			children = (
				CCDDD6541A7A8F47006A996C /* game */,
				CCDDD6731A7A8F48006A996C /* gameTests */,
				CCDDD6531A7A8F47006A996C /* Products */,
			);
			sourceTree = "<group>";
		};
		CCDDD6531A7A8F47006A996C /* Products */ = {
			isa = PBXGroup;
			children = (
				CCDDD6521A7A8F47006A996C /* game.app */,
				CCDDD6701A7A8F48006A996C /* gameTests.xctest */,
			);
			name = Products;
			sourceTree = "<group>";
		};
		CCDDD6541A7A8F47006A996C /* game */ = {
			isa = PBXGroup;
			children = (
				CCF9D37E1AC9A3F00095A21E /* JSONFiles */,
				CCC0A3691A9375C30091BAF5 /* BuisnessLogic */,
				CC558D0B1A83C37100A3F0AB /* Models */,
				CCC0A36C1A9376DF0091BAF5 /* Resources */,
				CCDDD6551A7A8F47006A996C /* Supporting Files */,
				CCC0A36D1A9377030091BAF5 /* ViewControllers */,
				CCD757D81A8D098700263F03 /* Views */,
			);
			path = game;
			sourceTree = "<group>";
		};
		CCDDD6551A7A8F47006A996C /* Supporting Files */ = {
			isa = PBXGroup;
			children = (
				CCDDD6561A7A8F47006A996C /* Info.plist */,
				CCDDD6571A7A8F47006A996C /* main.m */,
				CC412DC31AE14252001A1FAB /* BuildOptions.h */,
				CCF8499E1B307BE000EFADEA /* PrefixHeader.pch */,
			);
			name = "Supporting Files";
			sourceTree = "<group>";
		};
		CCDDD6731A7A8F48006A996C /* gameTests */ = {
			isa = PBXGroup;
			children = (
				CCDDD6761A7A8F48006A996C /* gameTests.m */,
				CCDDD6741A7A8F48006A996C /* Supporting Files */,
			);
			path = gameTests;
			sourceTree = "<group>";
		};
		CCDDD6741A7A8F48006A996C /* Supporting Files */ = {
			isa = PBXGroup;
			children = (
				CCDDD6751A7A8F48006A996C /* Info.plist */,
			);
			name = "Supporting Files";
			sourceTree = "<group>";
		};
		CCEE2F191AC481C300BA027F /* Other */ = {
			isa = PBXGroup;
			children = (
				CC558D0C1A83C37100A3F0AB /* BDMap.h */,
				CC558D0D1A83C37100A3F0AB /* BDMap.m */,
				CC00A8071AEAC91200A2A1D0 /* BDMapGestures.h */,
				CC00A8081AEAC91200A2A1D0 /* BDMapGestures.m */,
				CC008A3A1B0F72A00037771F /* BDAttackMap.h */,
				CC008A3B1B0F72A00037771F /* BDAttackMap.m */,
				CC008A401B0F765A0037771F /* BDTown.h */,
				CC008A411B0F765A0037771F /* BDTown.m */,
			);
			name = Other;
			sourceTree = "<group>";
		};
		CCEE2F1A1AC481E500BA027F /* Other */ = {
			isa = PBXGroup;
			children = (
				CC412DC41AE14A26001A1FAB /* BDWarLogic.h */,
				CC412DC51AE14A26001A1FAB /* BDWarLogic.m */,
				CCEE2F061AC4775100BA027F /* BDBuildingInfoParser.h */,
				CCEE2F071AC4775100BA027F /* BDBuildingInfoParser.m */,
				CC2466C41ABC7A580056631D /* BDBuildingMenu.h */,
				CC2466C51ABC7A580056631D /* BDBuildingMenu.m */,
				CCC0A4401A9B90090091BAF5 /* BDGameLogicController.h */,
				CCC0A4411A9B90090091BAF5 /* BDGameLogicController.m */,
				CC059BDA1AF120060080F3A1 /* BDUnitInfoView.h */,
				CC059BDB1AF120060080F3A1 /* BDUnitInfoView.m */,
				CCE471FA1B06442E007C0E79 /* BDUnitInfo.h */,
				CCE471FB1B06442E007C0E79 /* BDUnitInfo.m */,
				CCF849A71B31B41E00EFADEA /* BDReportMenu.h */,
				CCF849A81B31B41E00EFADEA /* BDReportMenu.m */,
			);
			name = Other;
			sourceTree = "<group>";
		};
		CCF0A3571B2F19AC002E7F7E /* resources  */ = {
			isa = PBXGroup;
			children = (
				CC2B4FB31ACEDF5000872D19 /* goldMine.json */,
				CC2B4FB51ACEDF5000872D19 /* house.json */,
			);
			name = "resources ";
			sourceTree = "<group>";
		};
		CCF0A3581B2F19BF002E7F7E /* army */ = {
			isa = PBXGroup;
			children = (
				CC2B4FB01ACEDF5000872D19 /* archer.json */,
				CC2B4FB11ACEDF5000872D19 /* axeman.json */,
				CC2B4FB41ACEDF5000872D19 /* heavyCavalery.json */,
				CC2B4FB71ACEDF5000872D19 /* lightCavalery.json */,
				CC2B4FBA1ACEDF5000872D19 /* swordsman.json */,
			);
			name = army;
			sourceTree = "<group>";
		};
		CCF0A3591B2F19E9002E7F7E /* buildings */ = {
			isa = PBXGroup;
			children = (
				CCF0A35C1B2F1A0C002E7F7E /* misk */,
				CCF0A35B1B2F19FF002E7F7E /* army */,
				CCF0A3571B2F19AC002E7F7E /* resources  */,
			);
			name = buildings;
			sourceTree = "<group>";
		};
		CCF0A35A1B2F19F3002E7F7E /* units */ = {
			isa = PBXGroup;
			children = (
				CCF0A3581B2F19BF002E7F7E /* army */,
			);
			name = units;
			sourceTree = "<group>";
		};
		CCF0A35B1B2F19FF002E7F7E /* army */ = {
			isa = PBXGroup;
			children = (
				CC2B4FB21ACEDF5000872D19 /* barracks.json */,
				CC2B4FB91ACEDF5000872D19 /* stable.json */,
				CC2B4FBD1ACEDF5000872D19 /* workshop.json */,
			);
			name = army;
			sourceTree = "<group>";
		};
		CCF0A35C1B2F1A0C002E7F7E /* misk */ = {
			isa = PBXGroup;
			children = (
				CC2B4FB81ACEDF5000872D19 /* market.json */,
				CC2B4FBB1ACEDF5000872D19 /* university.json */,
				CCF9D3811AC9A3F00095A21E /* headquarters.json */,
			);
			name = misk;
			sourceTree = "<group>";
		};
		CCF9D37E1AC9A3F00095A21E /* JSONFiles */ = {
			isa = PBXGroup;
			children = (
				CCF0A35A1B2F19F3002E7F7E /* units */,
				CCF0A3591B2F19E9002E7F7E /* buildings */,
			);
			path = JSONFiles;
			sourceTree = "<group>";
		};
/* End PBXGroup section */

/* Begin PBXNativeTarget section */
		CCDDD6511A7A8F47006A996C /* game */ = {
			isa = PBXNativeTarget;
			buildConfigurationList = CCDDD67A1A7A8F48006A996C /* Build configuration list for PBXNativeTarget "game" */;
			buildPhases = (
				CCDDD64E1A7A8F47006A996C /* Sources */,
				CCDDD64F1A7A8F47006A996C /* Frameworks */,
				CCDDD6501A7A8F47006A996C /* Resources */,
			);
			buildRules = (
			);
			dependencies = (
			);
			name = game;
			productName = game;
			productReference = CCDDD6521A7A8F47006A996C /* game.app */;
			productType = "com.apple.product-type.application";
		};
		CCDDD66F1A7A8F48006A996C /* gameTests */ = {
			isa = PBXNativeTarget;
			buildConfigurationList = CCDDD67D1A7A8F48006A996C /* Build configuration list for PBXNativeTarget "gameTests" */;
			buildPhases = (
				CCDDD66C1A7A8F48006A996C /* Sources */,
				CCDDD66D1A7A8F48006A996C /* Frameworks */,
				CCDDD66E1A7A8F48006A996C /* Resources */,
			);
			buildRules = (
			);
			dependencies = (
				CCDDD6721A7A8F48006A996C /* PBXTargetDependency */,
			);
			name = gameTests;
			productName = gameTests;
			productReference = CCDDD6701A7A8F48006A996C /* gameTests.xctest */;
			productType = "com.apple.product-type.bundle.unit-test";
		};
/* End PBXNativeTarget section */

/* Begin PBXProject section */
		CCDDD64A1A7A8F47006A996C /* Project object */ = {
			isa = PBXProject;
			attributes = {
				LastUpgradeCheck = 0610;
				ORGANIZATIONNAME = Telenav;
				TargetAttributes = {
					CCDDD6511A7A8F47006A996C = {
						CreatedOnToolsVersion = 6.1.1;
					};
					CCDDD66F1A7A8F48006A996C = {
						CreatedOnToolsVersion = 6.1.1;
						TestTargetID = CCDDD6511A7A8F47006A996C;
					};
				};
			};
			buildConfigurationList = CCDDD64D1A7A8F47006A996C /* Build configuration list for PBXProject "game" */;
			compatibilityVersion = "Xcode 3.2";
			developmentRegion = English;
			hasScannedForEncodings = 0;
			knownRegions = (
				en,
				Base,
			);
			mainGroup = CCDDD6491A7A8F47006A996C;
			productRefGroup = CCDDD6531A7A8F47006A996C /* Products */;
			projectDirPath = "";
			projectRoot = "";
			targets = (
				CCDDD6511A7A8F47006A996C /* game */,
				CCDDD66F1A7A8F48006A996C /* gameTests */,
			);
		};
/* End PBXProject section */

/* Begin PBXResourcesBuildPhase section */
		CCDDD6501A7A8F47006A996C /* Resources */ = {
			isa = PBXResourcesBuildPhase;
			buildActionMask = 2147483647;
			files = (
				CC2B4FC81ACEDF5000872D19 /* swordsman.json in Resources */,
				CCF8F69C1B3295AF00E81C5B /* Images.xcassets in Resources */,
				CCF9D3841AC9A3F00095A21E /* headquarters.json in Resources */,
				CCF8F6F21B32E8F200E81C5B /* finished-unit.m4r in Resources */,
				CCF849951B306AF600EFADEA /* Supercell-magic.ttf in Resources */,
				CC2B4FC31ACEDF5000872D19 /* house.json in Resources */,
				CC2B4FC11ACEDF5000872D19 /* goldMine.json in Resources */,
				CCDDD66B1A7A8F48006A996C /* LaunchScreen.xib in Resources */,
				CC2B4FBE1ACEDF5000872D19 /* archer.json in Resources */,
				CC2B4FC01ACEDF5000872D19 /* barracks.json in Resources */,
				CC2B4FC51ACEDF5000872D19 /* lightCavalery.json in Resources */,
				CC032CB61B1220BC004C3838 /* BDAttackMapViewController.xib in Resources */,
				CC2B4FCB1ACEDF5000872D19 /* workshop.json in Resources */,
				CC2B4FC21ACEDF5000872D19 /* heavyCavalery.json in Resources */,
				CCF849AD1B31BA0400EFADEA /* ClashofClans_ringtone1.m4r in Resources */,
				CC2B4FC61ACEDF5000872D19 /* market.json in Resources */,
				CC2B4FBF1ACEDF5000872D19 /* axeman.json in Resources */,
				CC2B4FC91ACEDF5000872D19 /* university.json in Resources */,
				CCDDD6601A7A8F47006A996C /* GameScene.sks in Resources */,
				CCF849AB1B31B92600EFADEA /* background-sound.m4a in Resources */,
				CCF849B31B31BFB700EFADEA /* tap-building.m4a in Resources */,
				CCF849AF1B31BCBA00EFADEA /* upgrade-finished.m4r in Resources */,
				CC2B4FC71ACEDF5000872D19 /* stable.json in Resources */,
				CCDDD6661A7A8F47006A996C /* Main.storyboard in Resources */,
			);
			runOnlyForDeploymentPostprocessing = 0;
		};
		CCDDD66E1A7A8F48006A996C /* Resources */ = {
			isa = PBXResourcesBuildPhase;
			buildActionMask = 2147483647;
			files = (
			);
			runOnlyForDeploymentPostprocessing = 0;
		};
/* End PBXResourcesBuildPhase section */

/* Begin PBXSourcesBuildPhase section */
		CCDDD64E1A7A8F47006A996C /* Sources */ = {
			isa = PBXSourcesBuildPhase;
			buildActionMask = 2147483647;
			files = (
				CC032CB51B1220BC004C3838 /* BDAttackMapViewController.m in Sources */,
				CC412DC61AE14A26001A1FAB /* BDWarLogic.m in Sources */,
				CCF849A91B31B41E00EFADEA /* BDReportMenu.m in Sources */,
				CC802A751AA10C4300971F83 /* BDRam.m in Sources */,
				CC802A7B1AA10C8F00971F83 /* BDLightCavalery.m in Sources */,
				CC558D1B1A83C3D500A3F0AB /* BDWoodCamp.m in Sources */,
				CCF8499D1B307B5500EFADEA /* UIColor+Additions.m in Sources */,
				CC558D3D1A83C57200A3F0AB /* BDUniversity.m in Sources */,
				CC558D241A83C43000A3F0AB /* BDIronMine.m in Sources */,
				CC558D2E1A83C52C00A3F0AB /* BDStable.m in Sources */,
				CC802A6C1AA10BE600971F83 /* BDArcher.m in Sources */,
				CCE471FC1B06442E007C0E79 /* BDUnitInfo.m in Sources */,
				CC802A651AA0DAEF00971F83 /* BDProtoProduct.m in Sources */,
				CC558D171A83C37100A3F0AB /* BDBuilding.m in Sources */,
				CC802A6F1AA10C0700971F83 /* BDCatapult.m in Sources */,
				CCE199881A8E5F6E003A0804 /* BDMenuController.m in Sources */,
				CC802A811AA10CF300971F83 /* BDAxeman.m in Sources */,
				CC558D3A1A83C56300A3F0AB /* BDMarket.m in Sources */,
				CC00A8091AEAC91200A2A1D0 /* BDMapGestures.m in Sources */,
				CCDDD6631A7A8F47006A996C /* GameViewController.m in Sources */,
				CC059BDC1AF120060080F3A1 /* BDUnitInfoView.m in Sources */,
				CCC0A3581A9316B90091BAF5 /* BDMenuSectionFactory.m in Sources */,
				CCD757E41A8D15C000263F03 /* BDMenuItemFactory.m in Sources */,
				CCDDD65B1A7A8F47006A996C /* AppDelegate.m in Sources */,
				CC802A691AA10BD000971F83 /* BDWizard.m in Sources */,
				CC558D341A83C54600A3F0AB /* BDHouse.m in Sources */,
				CCC0A4421A9B90090091BAF5 /* BDGameLogicController.m in Sources */,
				CC558D311A83C53A00A3F0AB /* BDWorkshop.m in Sources */,
				CC802A871AA114B900971F83 /* BDUnit.m in Sources */,
				CCD757E11A8D155900263F03 /* BDMenuItem.m in Sources */,
				CC008A451B0F90C60037771F /* UIButton+Block.m in Sources */,
				CC802A841AA10D0400971F83 /* BDSwordsman.m in Sources */,
				CC802A7E1AA10CB200971F83 /* BDSpy.m in Sources */,
				CCC0A3551A9313EA0091BAF5 /* BDMenuSection.m in Sources */,
				CC008A3F1B0F742E0037771F /* BDAttackMenu.m in Sources */,
				CC802A781AA10C6D00971F83 /* BDHighCavalery.m in Sources */,
				CCC0A43F1A9B85EF0091BAF5 /* BDPlayer.m in Sources */,
				CC802A721AA10C2700971F83 /* BDBaloon.m in Sources */,
				CCF849B61B31E09100EFADEA /* BDFirstLevelBuildingAlert.m in Sources */,
				CC00A8061AEA86A400A2A1D0 /* BDSquad.m in Sources */,
				CC558D1E1A83C3FB00A3F0AB /* BDGoldMine.m in Sources */,
				CCEE2F081AC4775100BA027F /* BDBuildingInfoParser.m in Sources */,
				CC558D161A83C37100A3F0AB /* BDMap.m in Sources */,
				CCD757DB1A8D09A800263F03 /* BDMenu.m in Sources */,
				CC2466C61ABC7A580056631D /* BDBuildingMenu.m in Sources */,
				CC558D2B1A83C51E00A3F0AB /* BDBaracks.m in Sources */,
				CCDDD6581A7A8F47006A996C /* main.m in Sources */,
				CCE471F91B0638E6007C0E79 /* BDArmyMenu.m in Sources */,
				CCF849A11B30960600EFADEA /* BDProgressView.m in Sources */,
				CC008A3C1B0F72A00037771F /* BDAttackMap.m in Sources */,
				CC008A421B0F765A0037771F /* BDTown.m in Sources */,
				CC558D371A83C55600A3F0AB /* BDHeadquarters.m in Sources */,
			);
			runOnlyForDeploymentPostprocessing = 0;
		};
		CCDDD66C1A7A8F48006A996C /* Sources */ = {
			isa = PBXSourcesBuildPhase;
			buildActionMask = 2147483647;
			files = (
				CCDDD6771A7A8F48006A996C /* gameTests.m in Sources */,
			);
			runOnlyForDeploymentPostprocessing = 0;
		};
/* End PBXSourcesBuildPhase section */

/* Begin PBXTargetDependency section */
		CCDDD6721A7A8F48006A996C /* PBXTargetDependency */ = {
			isa = PBXTargetDependency;
			target = CCDDD6511A7A8F47006A996C /* game */;
			targetProxy = CCDDD6711A7A8F48006A996C /* PBXContainerItemProxy */;
		};
/* End PBXTargetDependency section */

/* Begin PBXVariantGroup section */
		CCDDD6641A7A8F47006A996C /* Main.storyboard */ = {
			isa = PBXVariantGroup;
			children = (
				CCDDD6651A7A8F47006A996C /* Base */,
			);
			name = Main.storyboard;
			sourceTree = "<group>";
		};
		CCDDD6691A7A8F48006A996C /* LaunchScreen.xib */ = {
			isa = PBXVariantGroup;
			children = (
				CCDDD66A1A7A8F48006A996C /* Base */,
			);
			name = LaunchScreen.xib;
			sourceTree = "<group>";
		};
/* End PBXVariantGroup section */

/* Begin XCBuildConfiguration section */
		CCDDD6781A7A8F48006A996C /* Debug */ = {
			isa = XCBuildConfiguration;
			buildSettings = {
				ALWAYS_SEARCH_USER_PATHS = NO;
				CLANG_CXX_LANGUAGE_STANDARD = "gnu++0x";
				CLANG_CXX_LIBRARY = "libc++";
				CLANG_ENABLE_MODULES = YES;
				CLANG_ENABLE_OBJC_ARC = YES;
				CLANG_WARN_BOOL_CONVERSION = YES;
				CLANG_WARN_CONSTANT_CONVERSION = YES;
				CLANG_WARN_DIRECT_OBJC_ISA_USAGE = YES_ERROR;
				CLANG_WARN_EMPTY_BODY = YES;
				CLANG_WARN_ENUM_CONVERSION = YES;
				CLANG_WARN_INT_CONVERSION = YES;
				CLANG_WARN_OBJC_ROOT_CLASS = YES_ERROR;
				CLANG_WARN_UNREACHABLE_CODE = YES;
				CLANG_WARN__DUPLICATE_METHOD_MATCH = YES;
				"CODE_SIGN_IDENTITY[sdk=iphoneos*]" = "iPhone Developer";
				COPY_PHASE_STRIP = NO;
				ENABLE_STRICT_OBJC_MSGSEND = YES;
				GCC_C_LANGUAGE_STANDARD = gnu99;
				GCC_DYNAMIC_NO_PIC = NO;
				GCC_OPTIMIZATION_LEVEL = 0;
				GCC_PREPROCESSOR_DEFINITIONS = (
					"DEBUG=1",
					"$(inherited)",
				);
				GCC_SYMBOLS_PRIVATE_EXTERN = NO;
				GCC_WARN_64_TO_32_BIT_CONVERSION = YES;
				GCC_WARN_ABOUT_RETURN_TYPE = YES_ERROR;
				GCC_WARN_UNDECLARED_SELECTOR = YES;
				GCC_WARN_UNINITIALIZED_AUTOS = YES_AGGRESSIVE;
				GCC_WARN_UNUSED_FUNCTION = YES;
				GCC_WARN_UNUSED_VARIABLE = YES;
				IPHONEOS_DEPLOYMENT_TARGET = 8.1;
				MTL_ENABLE_DEBUG_INFO = YES;
				ONLY_ACTIVE_ARCH = YES;
				SDKROOT = iphoneos;
				TARGETED_DEVICE_FAMILY = "1,2";
			};
			name = Debug;
		};
		CCDDD6791A7A8F48006A996C /* Release */ = {
			isa = XCBuildConfiguration;
			buildSettings = {
				ALWAYS_SEARCH_USER_PATHS = NO;
				CLANG_CXX_LANGUAGE_STANDARD = "gnu++0x";
				CLANG_CXX_LIBRARY = "libc++";
				CLANG_ENABLE_MODULES = YES;
				CLANG_ENABLE_OBJC_ARC = YES;
				CLANG_WARN_BOOL_CONVERSION = YES;
				CLANG_WARN_CONSTANT_CONVERSION = YES;
				CLANG_WARN_DIRECT_OBJC_ISA_USAGE = YES_ERROR;
				CLANG_WARN_EMPTY_BODY = YES;
				CLANG_WARN_ENUM_CONVERSION = YES;
				CLANG_WARN_INT_CONVERSION = YES;
				CLANG_WARN_OBJC_ROOT_CLASS = YES_ERROR;
				CLANG_WARN_UNREACHABLE_CODE = YES;
				CLANG_WARN__DUPLICATE_METHOD_MATCH = YES;
				"CODE_SIGN_IDENTITY[sdk=iphoneos*]" = "iPhone Developer";
				COPY_PHASE_STRIP = YES;
				ENABLE_NS_ASSERTIONS = NO;
				ENABLE_STRICT_OBJC_MSGSEND = YES;
				GCC_C_LANGUAGE_STANDARD = gnu99;
				GCC_WARN_64_TO_32_BIT_CONVERSION = YES;
				GCC_WARN_ABOUT_RETURN_TYPE = YES_ERROR;
				GCC_WARN_UNDECLARED_SELECTOR = YES;
				GCC_WARN_UNINITIALIZED_AUTOS = YES_AGGRESSIVE;
				GCC_WARN_UNUSED_FUNCTION = YES;
				GCC_WARN_UNUSED_VARIABLE = YES;
				IPHONEOS_DEPLOYMENT_TARGET = 8.1;
				MTL_ENABLE_DEBUG_INFO = NO;
				SDKROOT = iphoneos;
				TARGETED_DEVICE_FAMILY = "1,2";
				VALIDATE_PRODUCT = YES;
			};
			name = Release;
		};
		CCDDD67B1A7A8F48006A996C /* Debug */ = {
			isa = XCBuildConfiguration;
			buildSettings = {
				ASSETCATALOG_COMPILER_APPICON_NAME = AppIcon;
				GCC_PRECOMPILE_PREFIX_HEADER = YES;
				GCC_PREFIX_HEADER = PrefixHeader.pch;
				INFOPLIST_FILE = game/Info.plist;
				IPHONEOS_DEPLOYMENT_TARGET = 8.0;
				LD_RUNPATH_SEARCH_PATHS = "$(inherited) @executable_path/Frameworks";
				PRODUCT_NAME = "$(TARGET_NAME)";
			};
			name = Debug;
		};
		CCDDD67C1A7A8F48006A996C /* Release */ = {
			isa = XCBuildConfiguration;
			buildSettings = {
				ASSETCATALOG_COMPILER_APPICON_NAME = AppIcon;
				GCC_PRECOMPILE_PREFIX_HEADER = YES;
				GCC_PREFIX_HEADER = PrefixHeader.pch;
				INFOPLIST_FILE = game/Info.plist;
				IPHONEOS_DEPLOYMENT_TARGET = 8.0;
				LD_RUNPATH_SEARCH_PATHS = "$(inherited) @executable_path/Frameworks";
				PRODUCT_NAME = "$(TARGET_NAME)";
			};
			name = Release;
		};
		CCDDD67E1A7A8F48006A996C /* Debug */ = {
			isa = XCBuildConfiguration;
			buildSettings = {
				BUNDLE_LOADER = "$(TEST_HOST)";
				FRAMEWORK_SEARCH_PATHS = (
					"$(SDKROOT)/Developer/Library/Frameworks",
					"$(inherited)",
				);
				GCC_PREPROCESSOR_DEFINITIONS = (
					"DEBUG=1",
					"$(inherited)",
				);
				INFOPLIST_FILE = gameTests/Info.plist;
				LD_RUNPATH_SEARCH_PATHS = "$(inherited) @executable_path/Frameworks @loader_path/Frameworks";
				PRODUCT_NAME = "$(TARGET_NAME)";
				TEST_HOST = "$(BUILT_PRODUCTS_DIR)/game.app/game";
			};
			name = Debug;
		};
		CCDDD67F1A7A8F48006A996C /* Release */ = {
			isa = XCBuildConfiguration;
			buildSettings = {
				BUNDLE_LOADER = "$(TEST_HOST)";
				FRAMEWORK_SEARCH_PATHS = (
					"$(SDKROOT)/Developer/Library/Frameworks",
					"$(inherited)",
				);
				INFOPLIST_FILE = gameTests/Info.plist;
				LD_RUNPATH_SEARCH_PATHS = "$(inherited) @executable_path/Frameworks @loader_path/Frameworks";
				PRODUCT_NAME = "$(TARGET_NAME)";
				TEST_HOST = "$(BUILT_PRODUCTS_DIR)/game.app/game";
			};
			name = Release;
		};
/* End XCBuildConfiguration section */

/* Begin XCConfigurationList section */
		CCDDD64D1A7A8F47006A996C /* Build configuration list for PBXProject "game" */ = {
			isa = XCConfigurationList;
			buildConfigurations = (
				CCDDD6781A7A8F48006A996C /* Debug */,
				CCDDD6791A7A8F48006A996C /* Release */,
			);
			defaultConfigurationIsVisible = 0;
			defaultConfigurationName = Release;
		};
		CCDDD67A1A7A8F48006A996C /* Build configuration list for PBXNativeTarget "game" */ = {
			isa = XCConfigurationList;
			buildConfigurations = (
				CCDDD67B1A7A8F48006A996C /* Debug */,
				CCDDD67C1A7A8F48006A996C /* Release */,
			);
			defaultConfigurationIsVisible = 0;
			defaultConfigurationName = Release;
		};
		CCDDD67D1A7A8F48006A996C /* Build configuration list for PBXNativeTarget "gameTests" */ = {
			isa = XCConfigurationList;
			buildConfigurations = (
				CCDDD67E1A7A8F48006A996C /* Debug */,
				CCDDD67F1A7A8F48006A996C /* Release */,
			);
			defaultConfigurationIsVisible = 0;
			defaultConfigurationName = Release;
		};
/* End XCConfigurationList section */
	};
	rootObject = CCDDD64A1A7A8F47006A996C /* Project object */;
}
